{
  "requires": true,
  "lockfileVersion": 1,
  "dependencies": {
    "react-icons": {
      "version": "4.4.0",
      "resolved": "https://registry.npmjs.org/react-icons/-/react-icons-4.4.0.tgz",
      "integrity": "sha512-fSbvHeVYo/B5/L4VhB7sBA1i2tS8MkT0Hb9t2H1AVPkwGfVHLJCqyr2Py9dKMxsyM63Eng1GkdZfbWj+Fmv8Rg=="
    },
    "react-spinners": {
      "version": "0.13.3",
      "resolved": "https://registry.npmjs.org/react-spinners/-/react-spinners-0.13.3.tgz",
      "integrity": "sha512-FHQMH6dAl1Vw4Lxv0H7hbGsjBs0aKNVwjGrDJLuD9R/C3h9+IuBhKJOJyCcegxMaLiBSBV96Tp+XV3OwPK8Vtw=="
    }
  }
}
